{
  "object": {
    "pins": [
      {
        "package": "Editor",
        "repositoryURL": "https://github.com/mattDavo/Editor.git",
        "state": {
          "branch": "master",
          "revision": "e7716a653fb06812846e202c4e58e89536902587",
          "version": null
        }
      }
    ]
  },
  "version": 1
}
