{
  "object": {
    "pins": [
      {
        "package": "Editor",
        "repositoryURL": "https://github.com/mattDavo/Editor.git",
        "state": {
          "branch": "master",
          "revision": "9248b9b532fa21b761d2dcfb4d0658a8e91e4f88",
          "version": null
        }
      }
    ]
  },
  "version": 1
}
